
Microsoft Visual Studio Solution File, Format Version 12.00
# Visual Studio Version 16
VisualStudioVersion = 16.0.29403.142
MinimumVisualStudioVersion = 10.0.40219.1
Project("{FAE04EC0-301F-11D3-BF4B-00C04F79EFBC}") = "ProductsWebAPI", "ProductsWebAPI\ProductsWebAPI.csproj", "{DB491E9E-0EE0-4DE9-B248-AD6BA8BA2CC3}"
EndProject
Global
	GlobalSection(SolutionConfigurationPlatforms) = preSolution
		Debug|Any CPU = Debug|Any CPU
		Release|Any CPU = Release|Any CPU
	EndGlobalSection
	GlobalSection(ProjectConfigurationPlatforms) = postSolution
		{DB491E9E-0EE0-4DE9-B248-AD6BA8BA2CC3}.Debug|Any CPU.ActiveCfg = Debug|Any CPU
		{DB491E9E-0EE0-4DE9-B248-AD6BA8BA2CC3}.Debug|Any CPU.Build.0 = Debug|Any CPU
		{DB491E9E-0EE0-4DE9-B248-AD6BA8BA2CC3}.Release|Any CPU.ActiveCfg = Release|Any CPU
		{DB491E9E-0EE0-4DE9-B248-AD6BA8BA2CC3}.Release|Any CPU.Build.0 = Release|Any CPU
	EndGlobalSection
	GlobalSection(SolutionProperties) = preSolution
		HideSolutionNode = FALSE
	EndGlobalSection
	GlobalSection(ExtensibilityGlobals) = postSolution
		SolutionGuid = {C82A701D-1B9D-47CA-B44E-0D8AC2DC2CA0}
	EndGlobalSection
EndGlobal
